
Microsoft Visual Studio Solution File, Format Version 12.00
# Visual Studio 15
VisualStudioVersion = 15.0.26124.0
MinimumVisualStudioVersion = 15.0.26124.0
Project("{FAE04EC0-301F-11D3-BF4B-00C04F79EFBC}") = "OpenAI.SDK", "OpenAI.SDK\OpenAI.SDK.csproj", "{C81EB8F6-9C76-4AB7-B2DF-4D419BFE059F}"
EndProject
Project("{FAE04EC0-301F-11D3-BF4B-00C04F79EFBC}") = "OpenAI.CartPole", "OpenAI.CartPole\OpenAI.CartPole.csproj", "{82F4313A-61BF-44A4-8A46-5B1C9D6D81A1}"
EndProject
Project("{FAE04EC0-301F-11D3-BF4B-00C04F79EFBC}") = "OpenAI.CartPole.Tests", "OpenAI.CartPole.Tests\OpenAI.CartPole.Tests.csproj", "{3858742F-DA8F-4D0C-B1E8-9FE099A35507}"
EndProject
Global
	GlobalSection(SolutionConfigurationPlatforms) = preSolution
		Debug|Any CPU = Debug|Any CPU
		Debug|x64 = Debug|x64
		Debug|x86 = Debug|x86
		Release|Any CPU = Release|Any CPU
		Release|x64 = Release|x64
		Release|x86 = Release|x86
	EndGlobalSection
	GlobalSection(SolutionProperties) = preSolution
		HideSolutionNode = FALSE
	EndGlobalSection
	GlobalSection(ProjectConfigurationPlatforms) = postSolution
		{C81EB8F6-9C76-4AB7-B2DF-4D419BFE059F}.Debug|Any CPU.ActiveCfg = Debug|Any CPU
		{C81EB8F6-9C76-4AB7-B2DF-4D419BFE059F}.Debug|Any CPU.Build.0 = Debug|Any CPU
		{C81EB8F6-9C76-4AB7-B2DF-4D419BFE059F}.Debug|x64.ActiveCfg = Debug|Any CPU
		{C81EB8F6-9C76-4AB7-B2DF-4D419BFE059F}.Debug|x64.Build.0 = Debug|Any CPU
		{C81EB8F6-9C76-4AB7-B2DF-4D419BFE059F}.Debug|x86.ActiveCfg = Debug|Any CPU
		{C81EB8F6-9C76-4AB7-B2DF-4D419BFE059F}.Debug|x86.Build.0 = Debug|Any CPU
		{C81EB8F6-9C76-4AB7-B2DF-4D419BFE059F}.Release|Any CPU.ActiveCfg = Release|Any CPU
		{C81EB8F6-9C76-4AB7-B2DF-4D419BFE059F}.Release|Any CPU.Build.0 = Release|Any CPU
		{C81EB8F6-9C76-4AB7-B2DF-4D419BFE059F}.Release|x64.ActiveCfg = Release|Any CPU
		{C81EB8F6-9C76-4AB7-B2DF-4D419BFE059F}.Release|x64.Build.0 = Release|Any CPU
		{C81EB8F6-9C76-4AB7-B2DF-4D419BFE059F}.Release|x86.ActiveCfg = Release|Any CPU
		{C81EB8F6-9C76-4AB7-B2DF-4D419BFE059F}.Release|x86.Build.0 = Release|Any CPU
		{82F4313A-61BF-44A4-8A46-5B1C9D6D81A1}.Debug|Any CPU.ActiveCfg = Debug|Any CPU
		{82F4313A-61BF-44A4-8A46-5B1C9D6D81A1}.Debug|Any CPU.Build.0 = Debug|Any CPU
		{82F4313A-61BF-44A4-8A46-5B1C9D6D81A1}.Debug|x64.ActiveCfg = Debug|Any CPU
		{82F4313A-61BF-44A4-8A46-5B1C9D6D81A1}.Debug|x64.Build.0 = Debug|Any CPU
		{82F4313A-61BF-44A4-8A46-5B1C9D6D81A1}.Debug|x86.ActiveCfg = Debug|Any CPU
		{82F4313A-61BF-44A4-8A46-5B1C9D6D81A1}.Debug|x86.Build.0 = Debug|Any CPU
		{82F4313A-61BF-44A4-8A46-5B1C9D6D81A1}.Release|Any CPU.ActiveCfg = Release|Any CPU
		{82F4313A-61BF-44A4-8A46-5B1C9D6D81A1}.Release|Any CPU.Build.0 = Release|Any CPU
		{82F4313A-61BF-44A4-8A46-5B1C9D6D81A1}.Release|x64.ActiveCfg = Release|Any CPU
		{82F4313A-61BF-44A4-8A46-5B1C9D6D81A1}.Release|x64.Build.0 = Release|Any CPU
		{82F4313A-61BF-44A4-8A46-5B1C9D6D81A1}.Release|x86.ActiveCfg = Release|Any CPU
		{82F4313A-61BF-44A4-8A46-5B1C9D6D81A1}.Release|x86.Build.0 = Release|Any CPU
		{3858742F-DA8F-4D0C-B1E8-9FE099A35507}.Debug|Any CPU.ActiveCfg = Debug|Any CPU
		{3858742F-DA8F-4D0C-B1E8-9FE099A35507}.Debug|Any CPU.Build.0 = Debug|Any CPU
		{3858742F-DA8F-4D0C-B1E8-9FE099A35507}.Debug|x64.ActiveCfg = Debug|Any CPU
		{3858742F-DA8F-4D0C-B1E8-9FE099A35507}.Debug|x64.Build.0 = Debug|Any CPU
		{3858742F-DA8F-4D0C-B1E8-9FE099A35507}.Debug|x86.ActiveCfg = Debug|Any CPU
		{3858742F-DA8F-4D0C-B1E8-9FE099A35507}.Debug|x86.Build.0 = Debug|Any CPU
		{3858742F-DA8F-4D0C-B1E8-9FE099A35507}.Release|Any CPU.ActiveCfg = Release|Any CPU
		{3858742F-DA8F-4D0C-B1E8-9FE099A35507}.Release|Any CPU.Build.0 = Release|Any CPU
		{3858742F-DA8F-4D0C-B1E8-9FE099A35507}.Release|x64.ActiveCfg = Release|Any CPU
		{3858742F-DA8F-4D0C-B1E8-9FE099A35507}.Release|x64.Build.0 = Release|Any CPU
		{3858742F-DA8F-4D0C-B1E8-9FE099A35507}.Release|x86.ActiveCfg = Release|Any CPU
		{3858742F-DA8F-4D0C-B1E8-9FE099A35507}.Release|x86.Build.0 = Release|Any CPU
	EndGlobalSection
EndGlobal
